
Microsoft Visual Studio Solution File, Format Version 12.00
# Visual Studio Version 16
VisualStudioVersion = 16.0.32802.440
MinimumVisualStudioVersion = 10.0.40219.1
Project("{FAE04EC0-301F-11D3-BF4B-00C04F79EFBC}") = "Web", "Web.csproj", "{AD51FD75-32DB-4B93-8880-387E6EDA6DF7}"
EndProject
Project("{FAE04EC0-301F-11D3-BF4B-00C04F79EFBC}") = "Model", "..\Model\Model.csproj", "{74C34D84-4274-4731-8BF2-6C97466EA0E9}"
EndProject
Project("{FAE04EC0-301F-11D3-BF4B-00C04F79EFBC}") = "Service", "..\Service\Service.csproj", "{C9154052-D772-4489-91E9-FF3E89D7B247}"
EndProject
Project("{FAE04EC0-301F-11D3-BF4B-00C04F79EFBC}") = "Repository", "..\Repository\Repository.csproj", "{3F55CE39-79B3-4857-97A4-34C42CF35348}"
EndProject
Global
	GlobalSection(SolutionConfigurationPlatforms) = preSolution
		Debug|Any CPU = Debug|Any CPU
		Release|Any CPU = Release|Any CPU
	EndGlobalSection
	GlobalSection(ProjectConfigurationPlatforms) = postSolution
		{AD51FD75-32DB-4B93-8880-387E6EDA6DF7}.Debug|Any CPU.ActiveCfg = Debug|Any CPU
		{AD51FD75-32DB-4B93-8880-387E6EDA6DF7}.Debug|Any CPU.Build.0 = Debug|Any CPU
		{AD51FD75-32DB-4B93-8880-387E6EDA6DF7}.Release|Any CPU.ActiveCfg = Release|Any CPU
		{AD51FD75-32DB-4B93-8880-387E6EDA6DF7}.Release|Any CPU.Build.0 = Release|Any CPU
		{74C34D84-4274-4731-8BF2-6C97466EA0E9}.Debug|Any CPU.ActiveCfg = Debug|Any CPU
		{74C34D84-4274-4731-8BF2-6C97466EA0E9}.Debug|Any CPU.Build.0 = Debug|Any CPU
		{74C34D84-4274-4731-8BF2-6C97466EA0E9}.Release|Any CPU.ActiveCfg = Release|Any CPU
		{74C34D84-4274-4731-8BF2-6C97466EA0E9}.Release|Any CPU.Build.0 = Release|Any CPU
		{C9154052-D772-4489-91E9-FF3E89D7B247}.Debug|Any CPU.ActiveCfg = Debug|Any CPU
		{C9154052-D772-4489-91E9-FF3E89D7B247}.Debug|Any CPU.Build.0 = Debug|Any CPU
		{C9154052-D772-4489-91E9-FF3E89D7B247}.Release|Any CPU.ActiveCfg = Release|Any CPU
		{C9154052-D772-4489-91E9-FF3E89D7B247}.Release|Any CPU.Build.0 = Release|Any CPU
		{3F55CE39-79B3-4857-97A4-34C42CF35348}.Debug|Any CPU.ActiveCfg = Debug|Any CPU
		{3F55CE39-79B3-4857-97A4-34C42CF35348}.Debug|Any CPU.Build.0 = Debug|Any CPU
		{3F55CE39-79B3-4857-97A4-34C42CF35348}.Release|Any CPU.ActiveCfg = Release|Any CPU
		{3F55CE39-79B3-4857-97A4-34C42CF35348}.Release|Any CPU.Build.0 = Release|Any CPU
	EndGlobalSection
	GlobalSection(SolutionProperties) = preSolution
		HideSolutionNode = FALSE
	EndGlobalSection
	GlobalSection(ExtensibilityGlobals) = postSolution
		SolutionGuid = {A5539A89-8728-4BFF-AC4B-D7E9239AF2A5}
	EndGlobalSection
EndGlobal
